
Microsoft Visual Studio Solution File, Format Version 12.00
# Visual Studio 2015
Project("{FAE04EC0-301F-11D3-BF4B-00C04F79EFBC}") = "SonicMaker.CSharp", "SonicMaker.CSharp.csproj", "{7C52C676-5199-1377-1E97-2B83C1313D4E}"
EndProject
Project("{FAE04EC0-301F-11D3-BF4B-00C04F79EFBC}") = "SonicMaker.CSharp.Editor", "SonicMaker.CSharp.Editor.csproj", "{326CF52C-B2A0-EC9D-35A2-A0C8C1946623}"
EndProject
Global
	GlobalSection(SolutionConfigurationPlatforms) = preSolution
		Debug|Any CPU = Debug|Any CPU
		Release|Any CPU = Release|Any CPU
	EndGlobalSection
	GlobalSection(ProjectConfigurationPlatforms) = postSolution
		{7C52C676-5199-1377-1E97-2B83C1313D4E}.Debug|Any CPU.ActiveCfg = Debug|Any CPU
		{7C52C676-5199-1377-1E97-2B83C1313D4E}.Debug|Any CPU.Build.0 = Debug|Any CPU
		{7C52C676-5199-1377-1E97-2B83C1313D4E}.Release|Any CPU.ActiveCfg = Release|Any CPU
		{7C52C676-5199-1377-1E97-2B83C1313D4E}.Release|Any CPU.Build.0 = Release|Any CPU
		{326CF52C-B2A0-EC9D-35A2-A0C8C1946623}.Debug|Any CPU.ActiveCfg = Debug|Any CPU
		{326CF52C-B2A0-EC9D-35A2-A0C8C1946623}.Debug|Any CPU.Build.0 = Debug|Any CPU
		{326CF52C-B2A0-EC9D-35A2-A0C8C1946623}.Release|Any CPU.ActiveCfg = Release|Any CPU
		{326CF52C-B2A0-EC9D-35A2-A0C8C1946623}.Release|Any CPU.Build.0 = Release|Any CPU
	EndGlobalSection
	GlobalSection(SolutionProperties) = preSolution
		HideSolutionNode = FALSE
	EndGlobalSection
EndGlobal
